lockfileVersion: 5.3

specifiers:
  '@vicons/fluent': ^0.11.0
  '@vitejs/plugin-vue': ^2.0.0
  naive-ui: ^2.24.1
  typescript: ^4.4.4
  vfonts: ^0.0.3
  vite: ^2.7.2
  vue: ^3.2.25
  vue-router: '4'
  vue-tsc: ^0.29.8

dependencies:
  vue: 3.2.27
  vue-router: 4.0.12_vue@3.2.27

devDependencies:
  '@vicons/fluent': 0.11.0
  '@vitejs/plugin-vue': 2.0.1_vite@2.7.12+vue@3.2.27
  naive-ui: 2.24.1_vue@3.2.27
  typescript: 4.5.4
  vfonts: 0.0.3
  vite: 2.7.12
  vue-tsc: 0.29.8_typescript@4.5.4

packages:

  /@babel/helper-validator-identifier/7.16.7:
    resolution: {integrity: sha512-hsEnFemeiW4D08A5gUAZxLBTXpZ39P+a+DGDsHw1yxqyQ/jzFEnxf5uTEGp+3bzAbNOxU1paTgYS4ECU/IgfDw==, tarball: '@babel/helper-validator-identifier/download/@babel/helper-validator-identifier-7.16.7.tgz'}
    engines: {node: '>=6.9.0'}
    dev: true

  /@babel/parser/7.16.8:
    resolution: {integrity: sha512-i7jDUfrVBWc+7OKcBzEe5n7fbv3i2fWtxKzzCvOjnzSxMfWMigAhtfJ7qzZNGFNMsCCd67+uz553dYKWXPvCKw==, tarball: '@babel/parser/download/@babel/parser-7.16.8.tgz'}
    engines: {node: '>=6.0.0'}
    hasBin: true

  /@babel/types/7.16.8:
    resolution: {integrity: sha512-smN2DQc5s4M7fntyjGtyIPbRJv6wW4rU/94fmYJ7PKQuZkC0qGMHXJbg6sNGt12JmVr4k5YaptI/XtiLJBnmIg==, tarball: '@babel/types/download/@babel/types-7.16.8.tgz'}
    engines: {node: '>=6.9.0'}
    dependencies:
      '@babel/helper-validator-identifier': 7.16.7
      to-fast-properties: 2.0.0
    dev: true

  /@css-render/plugin-bem/0.15.8_css-render@0.15.8:
    resolution: {integrity: sha512-rJMFBaqZGrezs1d0vPB7hZTSkfFEgcdWxPMtLUmm9PAOioWtw+Knb9A0xU0bYazPKDo0SoNVVcd1Qd1LXD9x4Q==, tarball: '@css-render/plugin-bem/download/@css-render/plugin-bem-0.15.8.tgz'}
    peerDependencies:
      css-render: ~0.15.8
    dependencies:
      css-render: 0.15.8
    dev: true

  /@css-render/vue3-ssr/0.15.8_vue@3.2.27:
    resolution: {integrity: sha512-zPFyOH47hEcyRgoIjNEwzYqZEq/LEXPafDXY/9EMpvgCmsPhW1bpC3w8YwAISaP519QesJ/8aNDL/xWKpwXBvQ==, tarball: '@css-render/vue3-ssr/download/@css-render/vue3-ssr-0.15.8.tgz'}
    peerDependencies:
      vue: ^3.0.11
    dependencies:
      vue: 3.2.27
    dev: true

  /@emmetio/abbreviation/2.2.2:
    resolution: {integrity: sha1-dGdi/Z56jC6mBPWAxi48/iUOaYk=, tarball: '@emmetio/abbreviation/download/@emmetio/abbreviation-2.2.2.tgz'}
    dependencies:
      '@emmetio/scanner': 1.0.0
    dev: true

  /@emmetio/css-abbreviation/2.1.4:
    resolution: {integrity: sha1-kDYuihEizjt29sMVeQfTAYL1P1Q=, tarball: '@emmetio/css-abbreviation/download/@emmetio/css-abbreviation-2.1.4.tgz'}
    dependencies:
      '@emmetio/scanner': 1.0.0
    dev: true

  /@emmetio/scanner/1.0.0:
    resolution: {integrity: sha1-Blsq9iM/50dNRII+PeuJckr0K18=, tarball: '@emmetio/scanner/download/@emmetio/scanner-1.0.0.tgz'}
    dev: true

  /@emotion/hash/0.8.0:
    resolution: {integrity: sha1-u7/2iXj+/b5ozLUzvIy+HRr7VBM=, tarball: '@emotion/hash/download/@emotion/hash-0.8.0.tgz'}
    dev: true

  /@types/jest/27.4.0:
    resolution: {integrity: sha512-gHl8XuC1RZ8H2j5sHv/JqsaxXkDDM9iDOgu0Wp8sjs4u/snb2PVehyWXJPr+ORA0RPpgw231mnutWI1+0hgjIQ==, tarball: '@types/jest/download/@types/jest-27.4.0.tgz'}
    dependencies:
      jest-diff: 27.4.6
      pretty-format: 27.4.6
    dev: true

  /@types/lodash-es/4.17.5:
    resolution: {integrity: sha1-HD/dFoSdhK6kOJCxxg2jeftQE1M=, tarball: '@types/lodash-es/download/@types/lodash-es-4.17.5.tgz'}
    dependencies:
      '@types/lodash': 4.14.178
    dev: true

  /@types/lodash/4.14.178:
    resolution: {integrity: sha512-0d5Wd09ItQWH1qFbEyQ7oTQ3GZrMfth5JkbN3EvTKLXcHLRDSXeLnlvlOn0wvxVIwK5o2M8JzP/OWz7T3NRsbw==, tarball: '@types/lodash/download/@types/lodash-4.14.178.tgz'}
    dev: true

  /@types/node/14.14.45:
    resolution: {integrity: sha512-DssMqTV9UnnoxDWu959sDLZzfvqCF0qDNRjaWeYSui9xkFe61kKo4l1TWNTQONpuXEm+gLMRvdlzvNHBamzmEw==, tarball: '@types/node/download/@types/node-14.14.45.tgz'}
    dev: true

  /@vicons/fluent/0.11.0:
    resolution: {integrity: sha1-hPPNolVTnLlvRcicFgHiiS15gm8=, tarball: '@vicons/fluent/download/@vicons/fluent-0.11.0.tgz'}
    dev: true

  /@vitejs/plugin-vue/2.0.1_vite@2.7.12+vue@3.2.27:
    resolution: {integrity: sha512-wtdMnGVvys9K8tg+DxowU1ytTrdVveXr3LzdhaKakysgGXyrsfaeds2cDywtvujEASjWOwWL/OgWM+qoeM8Plg==, tarball: '@vitejs/plugin-vue/download/@vitejs/plugin-vue-2.0.1.tgz'}
    engines: {node: '>=12.0.0'}
    peerDependencies:
      vite: ^2.5.10
      vue: ^3.2.25
    dependencies:
      vite: 2.7.12
      vue: 3.2.27
    dev: true

  /@volar/code-gen/0.29.8:
    resolution: {integrity: sha512-eohLLUqPChHRPDFT5gXn4V6pr/CeTri7Ou5GI26lUvBRRAbP8p+oYfQRcbMPGeKmVkYjfVj0chsxQGx6T8PQ4Q==, tarball: '@volar/code-gen/download/@volar/code-gen-0.29.8.tgz'}
    dependencies:
      '@volar/shared': 0.29.8
      '@volar/source-map': 0.29.8
    dev: true

  /@volar/html2pug/0.29.8:
    resolution: {integrity: sha512-bhSNXg8A2aD3w0B+CwmHjqCAaKtj5rORbE5C/q/UdGqptJbC6STCmi30KuRTdfPhR++Xb18Hauf3s/WCmtNAPA==, tarball: '@volar/html2pug/download/@volar/html2pug-0.29.8.tgz'}
    dependencies:
      domelementtype: 2.2.0
      domhandler: 4.3.0
      htmlparser2: 7.2.0
      pug: 3.0.2
    dev: true

  /@volar/shared/0.29.8:
    resolution: {integrity: sha512-Y1NN6irkIukD+T0wf4p/dHWYL90sacN2e2lYoDXxRlvoYxwANnHgw0J0Rcp+yw58ElWRScdG7/YntEIuZWeJsw==, tarball: '@volar/shared/download/@volar/shared-0.29.8.tgz'}
    dependencies:
      upath: 2.0.1
      vscode-jsonrpc: 8.0.0-next.4
      vscode-uri: 3.0.3
    dev: true

  /@volar/source-map/0.29.8:
    resolution: {integrity: sha512-7w+UoYtnc6UQu30CgMVvx0YN4dzDgP4TIsSmUaW62AGmxU9Lxwp3Kkn/4N8efi91z8ma5Z78v/HddyJPwAC3LA==, tarball: '@volar/source-map/download/@volar/source-map-0.29.8.tgz'}
    dependencies:
      '@volar/shared': 0.29.8
    dev: true

  /@volar/transforms/0.29.8:
    resolution: {integrity: sha512-o2hRa8CoDwYTO1Mu5KA47+1elUnYUjDaVhCvbyKlRfd8qpHea2llotArq7B6OORSL2M9DVs1IRJ5NGURBFeZ3Q==, tarball: '@volar/transforms/download/@volar/transforms-0.29.8.tgz'}
    dependencies:
      '@volar/shared': 0.29.8
      vscode-languageserver: 8.0.0-next.5
    dev: true

  /@volar/vue-code-gen/0.29.8:
    resolution: {integrity: sha512-E1e7P2oktNC/DzgDBditfla4s8+HlUlluZ+BtcLvEdbkl3QEjujkB0x1wxguWzXmpWgLIDPtrS3Jzll5cCOkTg==, tarball: '@volar/vue-code-gen/download/@volar/vue-code-gen-0.29.8.tgz'}
    dependencies:
      '@volar/code-gen': 0.29.8
      '@volar/shared': 0.29.8
      '@volar/source-map': 0.29.8
      '@vue/compiler-core': 3.2.27
      '@vue/compiler-dom': 3.2.27
      '@vue/shared': 3.2.27
      upath: 2.0.1
    dev: true

  /@vscode/emmet-helper/2.8.3:
    resolution: {integrity: sha512-dkTSL+BaBBS8gFgPm/GMOU+XfxaMyI+Fl1IUYxEi8Iv24RfHf9/q2eCpV2hs7sncLcoKWEbMYe5gv4Ppmp2Oxw==, tarball: '@vscode/emmet-helper/download/@vscode/emmet-helper-2.8.3.tgz'}
    dependencies:
      emmet: 2.3.5
      jsonc-parser: 2.3.1
      vscode-languageserver-textdocument: 1.0.3
      vscode-languageserver-types: 3.16.0
      vscode-nls: 5.0.0
      vscode-uri: 2.1.2
    dev: true

  /@vue/compiler-core/3.2.27:
    resolution: {integrity: sha512-JyxAglSM/pb9paG5ZNuKrf5IUpzLzQA3khjWGF9oESELCLQlt6O3YyPMR2A69wIpYWrf5mScZ8YY8TJKOI/1kQ==, tarball: '@vue/compiler-core/download/@vue/compiler-core-3.2.27.tgz'}
    dependencies:
      '@babel/parser': 7.16.8
      '@vue/shared': 3.2.27
      estree-walker: 2.0.2
      source-map: 0.6.1

  /@vue/compiler-dom/3.2.27:
    resolution: {integrity: sha512-NyQ7nEbopUBPUMHM4c3FPCbFbnQwptoPjW5Y5qfJ7hfiCNhOuhQsDNqi5JYKBxfpxiFNwjcN9F8t1AsnLrDloQ==, tarball: '@vue/compiler-dom/download/@vue/compiler-dom-3.2.27.tgz'}
    dependencies:
      '@vue/compiler-core': 3.2.27
      '@vue/shared': 3.2.27

  /@vue/compiler-sfc/3.2.27:
    resolution: {integrity: sha512-WyecUhLN5UAQAr2QlmG2nA56OEnhZJaBnSw0G1tazb9rwDuK0V9tnbIXbQgmQlx+x4sJxgg61yWGcIXfilTl3A==, tarball: '@vue/compiler-sfc/download/@vue/compiler-sfc-3.2.27.tgz'}
    dependencies:
      '@babel/parser': 7.16.8
      '@vue/compiler-core': 3.2.27
      '@vue/compiler-dom': 3.2.27
      '@vue/compiler-ssr': 3.2.27
      '@vue/reactivity-transform': 3.2.27
      '@vue/shared': 3.2.27
      estree-walker: 2.0.2
      magic-string: 0.25.7
      postcss: 8.4.5
      source-map: 0.6.1
    dev: false

  /@vue/compiler-ssr/3.2.27:
    resolution: {integrity: sha512-+l09t319iV7HVSrXfBw9OLwMZIPOFTXmHjZ61Bc5ZcwKqOYAR4uTurKpoXAfcSc5qs/q6WdE9jY3nrP0LUEMQQ==, tarball: '@vue/compiler-ssr/download/@vue/compiler-ssr-3.2.27.tgz'}
    dependencies:
      '@vue/compiler-dom': 3.2.27
      '@vue/shared': 3.2.27
    dev: false

  /@vue/devtools-api/6.0.0-beta.21.1:
    resolution: {integrity: sha512-FqC4s3pm35qGVeXRGOjTsRzlkJjrBLriDS9YXbflHLsfA9FrcKzIyWnLXoNm+/7930E8rRakXuAc2QkC50swAw==, tarball: '@vue/devtools-api/download/@vue/devtools-api-6.0.0-beta.21.1.tgz'}
    dev: false

  /@vue/reactivity-transform/3.2.27:
    resolution: {integrity: sha512-67//61ObGxGnVrPhjygocb24eYUh+TFMhkm7szm8v5XdKXjkNl7qgIOflwGvUnwuIRJmr9nZ7+PvY0fL+H2upA==, tarball: '@vue/reactivity-transform/download/@vue/reactivity-transform-3.2.27.tgz'}
    dependencies:
      '@babel/parser': 7.16.8
      '@vue/compiler-core': 3.2.27
      '@vue/shared': 3.2.27
      estree-walker: 2.0.2
      magic-string: 0.25.7
    dev: false

  /@vue/reactivity/3.2.27:
    resolution: {integrity: sha512-QPfIQEJidRGIu/mPexhcB4csp1LEg2Nr+/QE72MnXs/OYDtFErhC9FxIyymkxp/xvAgL5wsnSOuDD6zWF42vRQ==, tarball: '@vue/reactivity/download/@vue/reactivity-3.2.27.tgz'}
    dependencies:
      '@vue/shared': 3.2.27

  /@vue/runtime-core/3.2.27:
    resolution: {integrity: sha512-NJrjuViHJyrT4bwIocbE4XDaDlA1Pj61pQlneZZdFEvgdMLlhzCCiJ4WZnWcohYQeisUAZjEFKK8GjQieDPFbw==, tarball: '@vue/runtime-core/download/@vue/runtime-core-3.2.27.tgz'}
    dependencies:
      '@vue/reactivity': 3.2.27
      '@vue/shared': 3.2.27
    dev: false

  /@vue/runtime-dom/3.2.27:
    resolution: {integrity: sha512-tlnKkvBSkV7MPUp/wRFsYcv67U1rUeZTPfpPzq5Kpmw5NNGkY6J075fFBH2k0MNxDucXS+qfStNrxAyGTUMkSA==, tarball: '@vue/runtime-dom/download/@vue/runtime-dom-3.2.27.tgz'}
    dependencies:
      '@vue/runtime-core': 3.2.27
      '@vue/shared': 3.2.27
      csstype: 2.6.19
    dev: false

  /@vue/server-renderer/3.2.27_vue@3.2.27:
    resolution: {integrity: sha512-dZnzkFCDe6A/GIe/F1LcG6lWpprHVh62DjTv8wubtkHwfJWOmOeHp+KvPDRrswL/L3ghsm+E31xY+pvkgM3pbQ==, tarball: '@vue/server-renderer/download/@vue/server-renderer-3.2.27.tgz'}
    peerDependencies:
      vue: 3.2.27
    dependencies:
      '@vue/compiler-ssr': 3.2.27
      '@vue/shared': 3.2.27
      vue: 3.2.27
    dev: false

  /@vue/shared/3.2.27:
    resolution: {integrity: sha512-rpAn9k6O08Lvo7ekBIAnkOukX/4EsEQLPrRJBKhIEasMsOI5eX0f6mq1sDUSY7cgAqWw2d7QtP74CWxdXoyKxA==, tarball: '@vue/shared/download/@vue/shared-3.2.27.tgz'}

  /acorn/7.4.1:
    resolution: {integrity: sha512-nQyp0o1/mNdbTO1PO6kHkwSrmgZ0MT/jCCpNiwbUjGoRN4dlBhqJtoQuCnEOKzgTVwg0ZWiCoQy6SxMebQVh8A==, tarball: acorn/download/acorn-7.4.1.tgz}
    engines: {node: '>=0.4.0'}
    hasBin: true
    dev: true

  /ansi-regex/5.0.1:
    resolution: {integrity: sha1-CCyyyJyf6GWaMRpTvWpNxTAdswQ=, tarball: ansi-regex/download/ansi-regex-5.0.1.tgz}
    engines: {node: '>=8'}
    dev: true

  /ansi-styles/4.3.0:
    resolution: {integrity: sha512-zbB9rCJAT1rbjiVDb2hqKFHNYLxgtk8NURxZ3IZwD3F6NtxbXZQCnnSi1Lkx+IDohdPlFp222wVALIheZJQSEg==, tarball: ansi-styles/download/ansi-styles-4.3.0.tgz}
    engines: {node: '>=8'}
    dependencies:
      color-convert: 2.0.1
    dev: true

  /ansi-styles/5.2.0:
    resolution: {integrity: sha512-Cxwpt2SfTzTtXcfOlzGEee8O+c+MmUgGrNiBcXnuWxuFJHe6a5Hz7qwhwe5OgaSYI0IJvkLqWX1ASG+cJOkEiA==, tarball: ansi-styles/download/ansi-styles-5.2.0.tgz}
    engines: {node: '>=10'}
    dev: true

  /asap/2.0.6:
    resolution: {integrity: sha1-5QNHYR1+aQlDIIu9r+vLwvuGbUY=, tarball: asap/download/asap-2.0.6.tgz}
    dev: true

  /assert-never/1.2.1:
    resolution: {integrity: sha1-EfDjY78UYgX7CBk7XHuQ9NHPRP4=, tarball: assert-never/download/assert-never-1.2.1.tgz}
    dev: true

  /async-validator/4.0.7:
    resolution: {integrity: sha1-A0oP0hA6ay6/AQ2nUYO+wpkkev4=, tarball: async-validator/download/async-validator-4.0.7.tgz?cache=0&sync_timestamp=1634529774878&other_urls=https%3A%2F%2Fregistry.npmmirror.com%2Fasync-validator%2Fdownload%2Fasync-validator-4.0.7.tgz}
    dev: true

  /babel-walk/3.0.0-canary-5:
    resolution: {integrity: sha1-9m7Ncpg1eu5ElV8jWm71QhkQSxE=, tarball: babel-walk/download/babel-walk-3.0.0-canary-5.tgz}
    engines: {node: '>= 10.0.0'}
    dependencies:
      '@babel/types': 7.16.8
    dev: true

  /call-bind/1.0.2:
    resolution: {integrity: sha1-sdTonmiBGcPJqQOtMKuy9qkZvjw=, tarball: call-bind/download/call-bind-1.0.2.tgz}
    dependencies:
      function-bind: 1.1.1
      get-intrinsic: 1.1.1
    dev: true

  /chalk/4.1.2:
    resolution: {integrity: sha512-oKnbhFyRIXpUuez8iBMmyEa4nbj4IOQyuhc/wy9kY7/WVPcwIO9VA668Pu8RkO7+0G76SLROeyw9CpQ061i4mA==, tarball: chalk/download/chalk-4.1.2.tgz}
    engines: {node: '>=10'}
    dependencies:
      ansi-styles: 4.3.0
      supports-color: 7.2.0
    dev: true

  /character-parser/2.2.0:
    resolution: {integrity: sha1-x84o821LzZdE5f/CxfzeHHMmH8A=, tarball: character-parser/download/character-parser-2.2.0.tgz}
    dependencies:
      is-regex: 1.1.4
    dev: true

  /color-convert/2.0.1:
    resolution: {integrity: sha1-ctOmjVmMm9s68q0ehPIdiWq9TeM=, tarball: color-convert/download/color-convert-2.0.1.tgz}
    engines: {node: '>=7.0.0'}
    dependencies:
      color-name: 1.1.4
    dev: true

  /color-name/1.1.4:
    resolution: {integrity: sha1-wqCah6y95pVD3m9j+jmVyCbFNqI=, tarball: color-name/download/color-name-1.1.4.tgz}
    dev: true

  /constantinople/4.0.1:
    resolution: {integrity: sha1-De8RP6Dk3I3oMzGlz3nIsyUhMVE=, tarball: constantinople/download/constantinople-4.0.1.tgz}
    dependencies:
      '@babel/parser': 7.16.8
      '@babel/types': 7.16.8
    dev: true

  /css-render/0.15.8:
    resolution: {integrity: sha512-k1gp1MgYDPrFZhzheQkSwm6dmP6nPe2XE6WYpJBPwEc3GbMANPJZfxl7ofZlTl8/+tpMRiGTTgUkTlXaVbLxog==, tarball: css-render/download/css-render-0.15.8.tgz}
    dependencies:
      '@emotion/hash': 0.8.0
      '@types/node': 14.14.45
      csstype: 3.0.10
    dev: true

  /csstype/2.6.19:
    resolution: {integrity: sha512-ZVxXaNy28/k3kJg0Fou5MiYpp88j7H9hLZp8PDC3jV0WFjfH5E9xHb56L0W59cPbKbcHXeP4qyT8PrHp8t6LcQ==, tarball: csstype/download/csstype-2.6.19.tgz?cache=0&sync_timestamp=1637224867418&other_urls=https%3A%2F%2Fregistry.npmmirror.com%2Fcsstype%2Fdownload%2Fcsstype-2.6.19.tgz}
    dev: false

  /csstype/3.0.10:
    resolution: {integrity: sha512-2u44ZG2OcNUO9HDp/Jl8C07x6pU/eTR3ncV91SiK3dhG9TWvRVsCoJw14Ckx5DgWkzGA3waZWO3d7pgqpUI/XA==, tarball: csstype/download/csstype-3.0.10.tgz?cache=0&sync_timestamp=1637224867418&other_urls=https%3A%2F%2Fregistry.npmmirror.com%2Fcsstype%2Fdownload%2Fcsstype-3.0.10.tgz}
    dev: true

  /date-fns-tz/1.2.2_date-fns@2.28.0:
    resolution: {integrity: sha512-vWtn44eEqnLbkACb7T5G5gPgKR4nY8NkNMOCyoY49NsRGHrcDmY2aysCyzDeA+u+vcDBn/w6nQqEDyouRs4m8w==, tarball: date-fns-tz/download/date-fns-tz-1.2.2.tgz}
    peerDependencies:
      date-fns: '>=2.0.0'
    dependencies:
      date-fns: 2.28.0
    dev: true

  /date-fns/2.28.0:
    resolution: {integrity: sha512-8d35hViGYx/QH0icHYCeLmsLmMUheMmTyV9Fcm6gvNwdw31yXXH+O85sOBJ+OLnLQMKZowvpKb6FgMIQjcpvQw==, tarball: date-fns/download/date-fns-2.28.0.tgz}
    engines: {node: '>=0.11'}
    dev: true

  /diff-sequences/27.4.0:
    resolution: {integrity: sha512-YqiQzkrsmHMH5uuh8OdQFU9/ZpADnwzml8z0O5HvRNda+5UZsaX/xN+AAxfR2hWq1Y7HZnAzO9J5lJXOuDz2Ww==, tarball: diff-sequences/download/diff-sequences-27.4.0.tgz}
    engines: {node: ^10.13.0 || ^12.13.0 || ^14.15.0 || >=15.0.0}
    dev: true

  /doctypes/1.1.0:
    resolution: {integrity: sha1-6oCxBqh1OHdOijpKWv4pPeSJ4Kk=, tarball: doctypes/download/doctypes-1.1.0.tgz}
    dev: true

  /dom-serializer/1.3.2:
    resolution: {integrity: sha1-YgZDfTLO767HFhgDIwx6ILwbTZE=, tarball: dom-serializer/download/dom-serializer-1.3.2.tgz}
    dependencies:
      domelementtype: 2.2.0
      domhandler: 4.3.0
      entities: 2.2.0
    dev: true

  /domelementtype/2.2.0:
    resolution: {integrity: sha1-mgtsJ4LtahxzI9QiZxg9+b2LHVc=, tarball: domelementtype/download/domelementtype-2.2.0.tgz}
    dev: true

  /domhandler/4.3.0:
    resolution: {integrity: sha512-fC0aXNQXqKSFTr2wDNZDhsEYjCiYsDWl3D01kwt25hm1YIPyDGHvvi3rw+PLqHAl/m71MaiF7d5zvBr0p5UB2g==, tarball: domhandler/download/domhandler-4.3.0.tgz}
    engines: {node: '>= 4'}
    dependencies:
      domelementtype: 2.2.0
    dev: true

  /domutils/2.8.0:
    resolution: {integrity: sha1-RDfe9dtuLR9dbuhZvZXKfQIEgTU=, tarball: domutils/download/domutils-2.8.0.tgz}
    dependencies:
      dom-serializer: 1.3.2
      domelementtype: 2.2.0
      domhandler: 4.3.0
    dev: true

  /emmet/2.3.5:
    resolution: {integrity: sha512-LcWfTamJnXIdMfLvJEC5Ld3hY5/KHXgv1L1bp6I7eEvB0ZhacHZ1kX0BYovJ8FroEsreLcq7n7kZhRMsf6jkXQ==, tarball: emmet/download/emmet-2.3.5.tgz}
    dependencies:
      '@emmetio/abbreviation': 2.2.2
      '@emmetio/css-abbreviation': 2.1.4
    dev: true

  /entities/2.2.0:
    resolution: {integrity: sha1-CY3JDruD2N/6CJ1VJWs1HTTE2lU=, tarball: entities/download/entities-2.2.0.tgz}
    dev: true

  /entities/3.0.1:
    resolution: {integrity: sha1-K4h8piWF6W2zkDSC0zbBAGwwAdQ=, tarball: entities/download/entities-3.0.1.tgz}
    engines: {node: '>=0.12'}
    dev: true

  /esbuild-android-arm64/0.13.15:
    resolution: {integrity: sha512-m602nft/XXeO8YQPUDVoHfjyRVPdPgjyyXOxZ44MK/agewFFkPa8tUo6lAzSWh5Ui5PB4KR9UIFTSBKh/RrCmg==, tarball: esbuild-android-arm64/download/esbuild-android-arm64-0.13.15.tgz}
    cpu: [arm64]
    os: [android]
    requiresBuild: true
    dev: true
    optional: true

  /esbuild-darwin-64/0.13.15:
    resolution: {integrity: sha512-ihOQRGs2yyp7t5bArCwnvn2Atr6X4axqPpEdCFPVp7iUj4cVSdisgvEKdNR7yH3JDjW6aQDw40iQFoTqejqxvQ==, tarball: esbuild-darwin-64/download/esbuild-darwin-64-0.13.15.tgz}
    cpu: [x64]
    os: [darwin]
    requiresBuild: true
    dev: true
    optional: true

  /esbuild-darwin-arm64/0.13.15:
    resolution: {integrity: sha512-i1FZssTVxUqNlJ6cBTj5YQj4imWy3m49RZRnHhLpefFIh0To05ow9DTrXROTE1urGTQCloFUXTX8QfGJy1P8dQ==, tarball: esbuild-darwin-arm64/download/esbuild-darwin-arm64-0.13.15.tgz}
    cpu: [arm64]
    os: [darwin]
    requiresBuild: true
    dev: true
    optional: true

  /esbuild-freebsd-64/0.13.15:
    resolution: {integrity: sha512-G3dLBXUI6lC6Z09/x+WtXBXbOYQZ0E8TDBqvn7aMaOCzryJs8LyVXKY4CPnHFXZAbSwkCbqiPuSQ1+HhrNk7EA==, tarball: esbuild-freebsd-64/download/esbuild-freebsd-64-0.13.15.tgz}
    cpu: [x64]
    os: [freebsd]
    requiresBuild: true
    dev: true
    optional: true

  /esbuild-freebsd-arm64/0.13.15:
    resolution: {integrity: sha512-KJx0fzEDf1uhNOZQStV4ujg30WlnwqUASaGSFPhznLM/bbheu9HhqZ6mJJZM32lkyfGJikw0jg7v3S0oAvtvQQ==, tarball: esbuild-freebsd-arm64/download/esbuild-freebsd-arm64-0.13.15.tgz}
    cpu: [arm64]
    os: [freebsd]
    requiresBuild: true
    dev: true
    optional: true

  /esbuild-linux-32/0.13.15:
    resolution: {integrity: sha512-ZvTBPk0YWCLMCXiFmD5EUtB30zIPvC5Itxz0mdTu/xZBbbHJftQgLWY49wEPSn2T/TxahYCRDWun5smRa0Tu+g==, tarball: esbuild-linux-32/download/esbuild-linux-32-0.13.15.tgz}
    cpu: [ia32]
    os: [linux]
    requiresBuild: true
    dev: true
    optional: true

  /esbuild-linux-64/0.13.15:
    resolution: {integrity: sha512-eCKzkNSLywNeQTRBxJRQ0jxRCl2YWdMB3+PkWFo2BBQYC5mISLIVIjThNtn6HUNqua1pnvgP5xX0nHbZbPj5oA==, tarball: esbuild-linux-64/download/esbuild-linux-64-0.13.15.tgz}
    cpu: [x64]
    os: [linux]
    requiresBuild: true
    dev: true
    optional: true

  /esbuild-linux-arm/0.13.15:
    resolution: {integrity: sha512-wUHttDi/ol0tD8ZgUMDH8Ef7IbDX+/UsWJOXaAyTdkT7Yy9ZBqPg8bgB/Dn3CZ9SBpNieozrPRHm0BGww7W/jA==, tarball: esbuild-linux-arm/download/esbuild-linux-arm-0.13.15.tgz}
    cpu: [arm]
    os: [linux]
    requiresBuild: true
    dev: true
    optional: true

  /esbuild-linux-arm64/0.13.15:
    resolution: {integrity: sha512-bYpuUlN6qYU9slzr/ltyLTR9YTBS7qUDymO8SV7kjeNext61OdmqFAzuVZom+OLW1HPHseBfJ/JfdSlx8oTUoA==, tarball: esbuild-linux-arm64/download/esbuild-linux-arm64-0.13.15.tgz}
    cpu: [arm64]
    os: [linux]
    requiresBuild: true
    dev: true
    optional: true

  /esbuild-linux-mips64le/0.13.15:
    resolution: {integrity: sha512-KlVjIG828uFPyJkO/8gKwy9RbXhCEUeFsCGOJBepUlpa7G8/SeZgncUEz/tOOUJTcWMTmFMtdd3GElGyAtbSWg==, tarball: esbuild-linux-mips64le/download/esbuild-linux-mips64le-0.13.15.tgz}
    cpu: [mips64el]
    os: [linux]
    requiresBuild: true
    dev: true
    optional: true

  /esbuild-linux-ppc64le/0.13.15:
    resolution: {integrity: sha512-h6gYF+OsaqEuBjeesTBtUPw0bmiDu7eAeuc2OEH9S6mV9/jPhPdhOWzdeshb0BskRZxPhxPOjqZ+/OqLcxQwEQ==, tarball: esbuild-linux-ppc64le/download/esbuild-linux-ppc64le-0.13.15.tgz}
    cpu: [ppc64]
    os: [linux]
    requiresBuild: true
    dev: true
    optional: true

  /esbuild-netbsd-64/0.13.15:
    resolution: {integrity: sha512-3+yE9emwoevLMyvu+iR3rsa+Xwhie7ZEHMGDQ6dkqP/ndFzRHkobHUKTe+NCApSqG5ce2z4rFu+NX/UHnxlh3w==, tarball: esbuild-netbsd-64/download/esbuild-netbsd-64-0.13.15.tgz}
    cpu: [x64]
    os: [netbsd]
    requiresBuild: true
    dev: true
    optional: true

  /esbuild-openbsd-64/0.13.15:
    resolution: {integrity: sha512-wTfvtwYJYAFL1fSs8yHIdf5GEE4NkbtbXtjLWjM3Cw8mmQKqsg8kTiqJ9NJQe5NX/5Qlo7Xd9r1yKMMkHllp5g==, tarball: esbuild-openbsd-64/download/esbuild-openbsd-64-0.13.15.tgz}
    cpu: [x64]
    os: [openbsd]
    requiresBuild: true
    dev: true
    optional: true

  /esbuild-sunos-64/0.13.15:
    resolution: {integrity: sha512-lbivT9Bx3t1iWWrSnGyBP9ODriEvWDRiweAs69vI+miJoeKwHWOComSRukttbuzjZ8r1q0mQJ8Z7yUsDJ3hKdw==, tarball: esbuild-sunos-64/download/esbuild-sunos-64-0.13.15.tgz}
    cpu: [x64]
    os: [sunos]
    requiresBuild: true
    dev: true
    optional: true

  /esbuild-windows-32/0.13.15:
    resolution: {integrity: sha512-fDMEf2g3SsJ599MBr50cY5ve5lP1wyVwTe6aLJsM01KtxyKkB4UT+fc5MXQFn3RLrAIAZOG+tHC+yXObpSn7Nw==, tarball: esbuild-windows-32/download/esbuild-windows-32-0.13.15.tgz}
    cpu: [ia32]
    os: [win32]
    requiresBuild: true
    dev: true
    optional: true

  /esbuild-windows-64/0.13.15:
    resolution: {integrity: sha512-9aMsPRGDWCd3bGjUIKG/ZOJPKsiztlxl/Q3C1XDswO6eNX/Jtwu4M+jb6YDH9hRSUflQWX0XKAfWzgy5Wk54JQ==, tarball: esbuild-windows-64/download/esbuild-windows-64-0.13.15.tgz}
    cpu: [x64]
    os: [win32]
    requiresBuild: true
    dev: true
    optional: true

  /esbuild-windows-arm64/0.13.15:
    resolution: {integrity: sha512-zzvyCVVpbwQQATaf3IG8mu1IwGEiDxKkYUdA4FpoCHi1KtPa13jeScYDjlW0Qh+ebWzpKfR2ZwvqAQkSWNcKjA==, tarball: esbuild-windows-arm64/download/esbuild-windows-arm64-0.13.15.tgz}
    cpu: [arm64]
    os: [win32]
    requiresBuild: true
    dev: true
    optional: true

  /esbuild/0.13.15:
    resolution: {integrity: sha512-raCxt02HBKv8RJxE8vkTSCXGIyKHdEdGfUmiYb8wnabnaEmHzyW7DCHb5tEN0xU8ryqg5xw54mcwnYkC4x3AIw==, tarball: esbuild/download/esbuild-0.13.15.tgz}
    hasBin: true
    requiresBuild: true
    optionalDependencies:
      esbuild-android-arm64: 0.13.15
      esbuild-darwin-64: 0.13.15
      esbuild-darwin-arm64: 0.13.15
      esbuild-freebsd-64: 0.13.15
      esbuild-freebsd-arm64: 0.13.15
      esbuild-linux-32: 0.13.15
      esbuild-linux-64: 0.13.15
      esbuild-linux-arm: 0.13.15
      esbuild-linux-arm64: 0.13.15
      esbuild-linux-mips64le: 0.13.15
      esbuild-linux-ppc64le: 0.13.15
      esbuild-netbsd-64: 0.13.15
      esbuild-openbsd-64: 0.13.15
      esbuild-sunos-64: 0.13.15
      esbuild-windows-32: 0.13.15
      esbuild-windows-64: 0.13.15
      esbuild-windows-arm64: 0.13.15
    dev: true

  /estree-walker/2.0.2:
    resolution: {integrity: sha1-UvAQF4wqTBF6d1fP6UKtt9LaTKw=, tarball: estree-walker/download/estree-walker-2.0.2.tgz}

  /evtd/0.2.3:
    resolution: {integrity: sha512-tmiT1YUVqFjTY+BSBOAskL83xNx41iUfpvKP6Gcd/xMHjg3mnER98jXGXJyKnxCG19uPc6EhZiUC+MUyvoqCtw==, tarball: evtd/download/evtd-0.2.3.tgz}
    dev: true

  /fsevents/2.3.2:
    resolution: {integrity: sha1-ilJveLj99GI7cJ4Ll1xSwkwC/Ro=, tarball: fsevents/download/fsevents-2.3.2.tgz}
    engines: {node: ^8.16.0 || ^10.6.0 || >=11.0.0}
    os: [darwin]
    requiresBuild: true
    dev: true
    optional: true

  /function-bind/1.1.1:
    resolution: {integrity: sha1-pWiZ0+o8m6uHS7l3O3xe3pL0iV0=, tarball: function-bind/download/function-bind-1.1.1.tgz}
    dev: true

  /get-intrinsic/1.1.1:
    resolution: {integrity: sha1-FfWfN2+FXERpY5SPDSTNNje0q8Y=, tarball: get-intrinsic/download/get-intrinsic-1.1.1.tgz}
    dependencies:
      function-bind: 1.1.1
      has: 1.0.3
      has-symbols: 1.0.2
    dev: true

  /has-flag/4.0.0:
    resolution: {integrity: sha1-lEdx/ZyByBJlxNaUGGDaBrtZR5s=, tarball: has-flag/download/has-flag-4.0.0.tgz}
    engines: {node: '>=8'}
    dev: true

  /has-symbols/1.0.2:
    resolution: {integrity: sha1-Fl0wcMADCXUqEjakeTMeOsVvFCM=, tarball: has-symbols/download/has-symbols-1.0.2.tgz}
    engines: {node: '>= 0.4'}
    dev: true

  /has-tostringtag/1.0.0:
    resolution: {integrity: sha1-fhM4GKfTlHNPlB5zw9P5KR5liyU=, tarball: has-tostringtag/download/has-tostringtag-1.0.0.tgz}
    engines: {node: '>= 0.4'}
    dependencies:
      has-symbols: 1.0.2
    dev: true

  /has/1.0.3:
    resolution: {integrity: sha1-ci18v8H2qoJB8W3YFOAR4fQeh5Y=, tarball: has/download/has-1.0.3.tgz}
    engines: {node: '>= 0.4.0'}
    dependencies:
      function-bind: 1.1.1
    dev: true

  /highlight.js/11.4.0:
    resolution: {integrity: sha512-nawlpCBCSASs7EdvZOYOYVkJpGmAOKMYZgZtUqSRqodZE0GRVcFKwo1RcpeOemqh9hyttTdd5wDBwHkuSyUfnA==, tarball: highlight.js/download/highlight.js-11.4.0.tgz}
    engines: {node: '>=12.0.0'}
    dev: true

  /htmlparser2/7.2.0:
    resolution: {integrity: sha512-H7MImA4MS6cw7nbyURtLPO1Tms7C5H602LRETv95z1MxO/7CP7rDVROehUYeYBUYEON94NXXDEPmZuq+hX4sog==, tarball: htmlparser2/download/htmlparser2-7.2.0.tgz}
    dependencies:
      domelementtype: 2.2.0
      domhandler: 4.3.0
      domutils: 2.8.0
      entities: 3.0.1
    dev: true

  /is-core-module/2.8.1:
    resolution: {integrity: sha512-SdNCUs284hr40hFTFP6l0IfZ/RSrMXF3qgoRHd3/79unUTvrFO/JoXwkGm+5J/Oe3E/b5GsnG330uUNgRpu1PA==, tarball: is-core-module/download/is-core-module-2.8.1.tgz}
    dependencies:
      has: 1.0.3
    dev: true

  /is-expression/4.0.0:
    resolution: {integrity: sha1-wzFVliq/IdCv0lUlFNZ9LsFv0qs=, tarball: is-expression/download/is-expression-4.0.0.tgz}
    dependencies:
      acorn: 7.4.1
      object-assign: 4.1.1
    dev: true

  /is-promise/2.2.2:
    resolution: {integrity: sha1-OauVnMv5p3TPB597QMeib3YxNfE=, tarball: is-promise/download/is-promise-2.2.2.tgz}
    dev: true

  /is-regex/1.1.4:
    resolution: {integrity: sha1-7vVmPNWfpMCuM5UFMj32hUuxWVg=, tarball: is-regex/download/is-regex-1.1.4.tgz}
    engines: {node: '>= 0.4'}
    dependencies:
      call-bind: 1.0.2
      has-tostringtag: 1.0.0
    dev: true

  /jest-diff/27.4.6:
    resolution: {integrity: sha512-zjaB0sh0Lb13VyPsd92V7HkqF6yKRH9vm33rwBt7rPYrpQvS1nCvlIy2pICbKta+ZjWngYLNn4cCK4nyZkjS/w==, tarball: jest-diff/download/jest-diff-27.4.6.tgz}
    engines: {node: ^10.13.0 || ^12.13.0 || ^14.15.0 || >=15.0.0}
    dependencies:
      chalk: 4.1.2
      diff-sequences: 27.4.0
      jest-get-type: 27.4.0
      pretty-format: 27.4.6
    dev: true

  /jest-get-type/27.4.0:
    resolution: {integrity: sha512-tk9o+ld5TWq41DkK14L4wox4s2D9MtTpKaAVzXfr5CUKm5ZK2ExcaFE0qls2W71zE/6R2TxxrK9w2r6svAFDBQ==, tarball: jest-get-type/download/jest-get-type-27.4.0.tgz}
    engines: {node: ^10.13.0 || ^12.13.0 || ^14.15.0 || >=15.0.0}
    dev: true

  /js-stringify/1.0.2:
    resolution: {integrity: sha1-Fzb939lyTyijaCrcYjCufk6Weds=, tarball: js-stringify/download/js-stringify-1.0.2.tgz}
    dev: true

  /jsonc-parser/2.3.1:
    resolution: {integrity: sha1-WVSRULEz8u+sykj+nOHsBlmvI0I=, tarball: jsonc-parser/download/jsonc-parser-2.3.1.tgz}
    dev: true

  /jsonc-parser/3.0.0:
    resolution: {integrity: sha1-q914VwHH5+rKip7IzwcMpRp0WiI=, tarball: jsonc-parser/download/jsonc-parser-3.0.0.tgz}
    dev: true

  /jstransformer/1.0.0:
    resolution: {integrity: sha1-7Yvwkh4vPx7U1cGkT2hwntJHIsM=, tarball: jstransformer/download/jstransformer-1.0.0.tgz}
    dependencies:
      is-promise: 2.2.2
      promise: 7.3.1
    dev: true

  /lodash-es/4.17.21:
    resolution: {integrity: sha512-mKnC+QJ9pWVzv+C4/U3rRsHapFfHvQFoFB92e52xeyGMcX6/OlIl78je1u8vePzYZSkkogMPJ2yjxxsb89cxyw==, tarball: lodash-es/download/lodash-es-4.17.21.tgz}
    dev: true

  /lodash/4.17.21:
    resolution: {integrity: sha512-v2kDEe57lecTulaDIuNTPy3Ry4gLGJ6Z1O3vE1krgXZNrsQ+LFTGHVxVjcXPs17LhbZVGedAJv8XZ1tvj5FvSg==, tarball: lodash/download/lodash-4.17.21.tgz}
    dev: true

  /lru-cache/6.0.0:
    resolution: {integrity: sha1-bW/mVw69lqr5D8rR2vo7JWbbOpQ=, tarball: lru-cache/download/lru-cache-6.0.0.tgz}
    engines: {node: '>=10'}
    dependencies:
      yallist: 4.0.0
    dev: true

  /magic-string/0.25.7:
    resolution: {integrity: sha1-P0l9b9NMZpxnmNy4IfLvMfVEUFE=, tarball: magic-string/download/magic-string-0.25.7.tgz}
    dependencies:
      sourcemap-codec: 1.4.8
    dev: false

  /naive-ui/2.24.1_vue@3.2.27:
    resolution: {integrity: sha512-nwU4L7P5rIutkRjoBB3wvtn19GYBI/vbz+DeyhbkG9MB4VZe2xZLA5fgq0dD4MsY2KYYcffKz4wDcQOJBy5zGg==, tarball: naive-ui/download/naive-ui-2.24.1.tgz}
    peerDependencies:
      vue: ^3.0.0
    dependencies:
      '@css-render/plugin-bem': 0.15.8_css-render@0.15.8
      '@css-render/vue3-ssr': 0.15.8_vue@3.2.27
      '@types/lodash': 4.14.178
      '@types/lodash-es': 4.17.5
      async-validator: 4.0.7
      css-render: 0.15.8
      date-fns: 2.28.0
      date-fns-tz: 1.2.2_date-fns@2.28.0
      evtd: 0.2.3
      highlight.js: 11.4.0
      lodash: 4.17.21
      lodash-es: 4.17.21
      seemly: 0.3.3
      treemate: 0.3.10
      vdirs: 0.1.7_vue@3.2.27
      vfonts: 0.0.3
      vooks: 0.2.12_vue@3.2.27
      vue: 3.2.27
      vueuc: 0.4.23_473b1561e3d1a80e7159bb39523026a9
    dev: true

  /nanoid/3.2.0:
    resolution: {integrity: sha512-fmsZYa9lpn69Ad5eDn7FMcnnSR+8R34W9qJEijxYhTbfOWzr22n1QxCMzXLK+ODyW2973V3Fux959iQoUxzUIA==, tarball: nanoid/download/nanoid-3.2.0.tgz}
    engines: {node: ^10 || ^12 || ^13.7 || ^14 || >=15.0.1}
    hasBin: true

  /object-assign/4.1.1:
    resolution: {integrity: sha1-IQmtx5ZYh8/AXLvUQsrIv7s2CGM=, tarball: object-assign/download/object-assign-4.1.1.tgz?cache=0&sync_timestamp=1632822742534&other_urls=https%3A%2F%2Fregistry.npmmirror.com%2Fobject-assign%2Fdownload%2Fobject-assign-4.1.1.tgz}
    engines: {node: '>=0.10.0'}
    dev: true

  /path-parse/1.0.7:
    resolution: {integrity: sha1-+8EUtgykKzDZ2vWFjkvWi77bZzU=, tarball: path-parse/download/path-parse-1.0.7.tgz}
    dev: true

  /picocolors/1.0.0:
    resolution: {integrity: sha1-y1vcdP8/UYkiNur3nWi8RFZKuBw=, tarball: picocolors/download/picocolors-1.0.0.tgz}

  /postcss/8.4.5:
    resolution: {integrity: sha512-jBDboWM8qpaqwkMwItqTQTiFikhs/67OYVvblFFTM7MrZjt6yMKd6r2kgXizEbTTljacm4NldIlZnhbjr84QYg==, tarball: postcss/download/postcss-8.4.5.tgz}
    engines: {node: ^10 || ^12 || >=14}
    dependencies:
      nanoid: 3.2.0
      picocolors: 1.0.0
      source-map-js: 1.0.1

  /pretty-format/27.4.6:
    resolution: {integrity: sha512-NblstegA1y/RJW2VyML+3LlpFjzx62cUrtBIKIWDXEDkjNeleA7Od7nrzcs/VLQvAeV4CgSYhrN39DRN88Qi/g==, tarball: pretty-format/download/pretty-format-27.4.6.tgz}
    engines: {node: ^10.13.0 || ^12.13.0 || ^14.15.0 || >=15.0.0}
    dependencies:
      ansi-regex: 5.0.1
      ansi-styles: 5.2.0
      react-is: 17.0.2
    dev: true

  /promise/7.3.1:
    resolution: {integrity: sha1-BktyYCsY+Q8pGSuLG8QY/9Hr078=, tarball: promise/download/promise-7.3.1.tgz}
    dependencies:
      asap: 2.0.6
    dev: true

  /pug-attrs/3.0.0:
    resolution: {integrity: sha1-sQRR4DSBZeMfrRzCPr3dncc0fEE=, tarball: pug-attrs/download/pug-attrs-3.0.0.tgz}
    dependencies:
      constantinople: 4.0.1
      js-stringify: 1.0.2
      pug-runtime: 3.0.1
    dev: true

  /pug-code-gen/3.0.2:
    resolution: {integrity: sha1-rRkPSUMTO/GGtguA3kgxAOEy4s4=, tarball: pug-code-gen/download/pug-code-gen-3.0.2.tgz}
    dependencies:
      constantinople: 4.0.1
      doctypes: 1.1.0
      js-stringify: 1.0.2
      pug-attrs: 3.0.0
      pug-error: 2.0.0
      pug-runtime: 3.0.1
      void-elements: 3.1.0
      with: 7.0.2
    dev: true

  /pug-error/2.0.0:
    resolution: {integrity: sha1-XGIXPLCcNN4qLOBPF7it/sdNjKU=, tarball: pug-error/download/pug-error-2.0.0.tgz}
    dev: true

  /pug-filters/4.0.0:
    resolution: {integrity: sha1-0+Sa9bqEcum3pm2YDnB86dLMm14=, tarball: pug-filters/download/pug-filters-4.0.0.tgz}
    dependencies:
      constantinople: 4.0.1
      jstransformer: 1.0.0
      pug-error: 2.0.0
      pug-walk: 2.0.0
      resolve: 1.21.0
    dev: true

  /pug-lexer/5.0.1:
    resolution: {integrity: sha1-rkRijFvvmxkLZlaDsojKkCS4sNU=, tarball: pug-lexer/download/pug-lexer-5.0.1.tgz}
    dependencies:
      character-parser: 2.2.0
      is-expression: 4.0.0
      pug-error: 2.0.0
    dev: true

  /pug-linker/4.0.0:
    resolution: {integrity: sha1-EsvAWU/Fo+Brn8Web5PBRpYqdwg=, tarball: pug-linker/download/pug-linker-4.0.0.tgz}
    dependencies:
      pug-error: 2.0.0
      pug-walk: 2.0.0
    dev: true

  /pug-load/3.0.0:
    resolution: {integrity: sha1-n9nNpSICsIrbEdJWgfufNL1BtmI=, tarball: pug-load/download/pug-load-3.0.0.tgz}
    dependencies:
      object-assign: 4.1.1
      pug-walk: 2.0.0
    dev: true

  /pug-parser/6.0.0:
    resolution: {integrity: sha1-qP3ANYY6lbLB3F6/Ts+AtOdqEmA=, tarball: pug-parser/download/pug-parser-6.0.0.tgz}
    dependencies:
      pug-error: 2.0.0
      token-stream: 1.0.0
    dev: true

  /pug-runtime/3.0.1:
    resolution: {integrity: sha1-9jaXYgRyPzWoxfb61qzaKhkbg9c=, tarball: pug-runtime/download/pug-runtime-3.0.1.tgz}
    dev: true

  /pug-strip-comments/2.0.0:
    resolution: {integrity: sha1-+UsH/WtJVSMzD0kKf1VLT/h2MD4=, tarball: pug-strip-comments/download/pug-strip-comments-2.0.0.tgz}
    dependencies:
      pug-error: 2.0.0
    dev: true

  /pug-walk/2.0.0:
    resolution: {integrity: sha1-QXqrwpIyu0SZtbUGmistKiTV9f4=, tarball: pug-walk/download/pug-walk-2.0.0.tgz}
    dev: true

  /pug/3.0.2:
    resolution: {integrity: sha1-81xxBzQ0VOQ7wnrg/3bHMbeOpTU=, tarball: pug/download/pug-3.0.2.tgz}
    dependencies:
      pug-code-gen: 3.0.2
      pug-filters: 4.0.0
      pug-lexer: 5.0.1
      pug-linker: 4.0.0
      pug-load: 3.0.0
      pug-parser: 6.0.0
      pug-runtime: 3.0.1
      pug-strip-comments: 2.0.0
    dev: true

  /react-is/17.0.2:
    resolution: {integrity: sha1-5pHUqOnHiTZWVVOas3J2Kw77VPA=, tarball: react-is/download/react-is-17.0.2.tgz}
    dev: true

  /request-light/0.5.7:
    resolution: {integrity: sha512-i/wKzvcx7Er8tZnvqSxWuNO5ZGggu2UgZAqj/RyZ0si7lBTXL7kZiI/dWxzxnQjaY7s5HEy1qK21Do4Ncr6cVw==, tarball: request-light/download/request-light-0.5.7.tgz}
    dev: true

  /resize-observer-polyfill/1.5.1:
    resolution: {integrity: sha1-DpAg3T0hAkRY1OvSfiPkAmmBBGQ=, tarball: resize-observer-polyfill/download/resize-observer-polyfill-1.5.1.tgz}
    dev: true

  /resolve/1.21.0:
    resolution: {integrity: sha512-3wCbTpk5WJlyE4mSOtDLhqQmGFi0/TD9VPwmiolnk8U0wRgMEktqCXd3vy5buTO3tljvalNvKrjHEfrd2WpEKA==, tarball: resolve/download/resolve-1.21.0.tgz}
    hasBin: true
    dependencies:
      is-core-module: 2.8.1
      path-parse: 1.0.7
      supports-preserve-symlinks-flag: 1.0.0
    dev: true

  /rollup/2.64.0:
    resolution: {integrity: sha512-+c+lbw1lexBKSMb1yxGDVfJ+vchJH3qLbmavR+awDinTDA2C5Ug9u7lkOzj62SCu0PKUExsW36tpgW7Fmpn3yQ==, tarball: rollup/download/rollup-2.64.0.tgz}
    engines: {node: '>=10.0.0'}
    hasBin: true
    optionalDependencies:
      fsevents: 2.3.2
    dev: true

  /seemly/0.3.3:
    resolution: {integrity: sha512-mAyqemz41e9HiZPMXAn7NtTExJgztwco5cdZjrt/iViU/oFeav+Q8K1c93M/tIZZ00QkT65JMr4xXQk7Vv5hWQ==, tarball: seemly/download/seemly-0.3.3.tgz}
    dependencies:
      '@types/jest': 27.4.0
    dev: true

  /semver/7.3.5:
    resolution: {integrity: sha1-C2Ich5NI2JmOSw5L6Us/EuYBjvc=, tarball: semver/download/semver-7.3.5.tgz}
    engines: {node: '>=10'}
    hasBin: true
    dependencies:
      lru-cache: 6.0.0
    dev: true

  /source-map-js/1.0.1:
    resolution: {integrity: sha512-4+TN2b3tqOCd/kaGRJ/sTYA0tR0mdXx26ipdolxcwtJVqEnqNYvlCAt1q3ypy4QMlYus+Zh34RNtYLoq2oQ4IA==, tarball: source-map-js/download/source-map-js-1.0.1.tgz}
    engines: {node: '>=0.10.0'}

  /source-map/0.6.1:
    resolution: {integrity: sha1-dHIq8y6WFOnCh6jQu95IteLxomM=, tarball: source-map/download/source-map-0.6.1.tgz}
    engines: {node: '>=0.10.0'}

  /sourcemap-codec/1.4.8:
    resolution: {integrity: sha1-6oBL2UhXQC5pktBaOO8a41qatMQ=, tarball: sourcemap-codec/download/sourcemap-codec-1.4.8.tgz}
    dev: false

  /supports-color/7.2.0:
    resolution: {integrity: sha1-G33NyzK4E4gBs+R4umpRyqiWSNo=, tarball: supports-color/download/supports-color-7.2.0.tgz}
    engines: {node: '>=8'}
    dependencies:
      has-flag: 4.0.0
    dev: true

  /supports-preserve-symlinks-flag/1.0.0:
    resolution: {integrity: sha512-ot0WnXS9fgdkgIcePe6RHNk1WA8+muPa6cSjeR3V8K27q9BB1rTE3R1p7Hv0z1ZyAc8s6Vvv8DIyWf681MAt0w==, tarball: supports-preserve-symlinks-flag/download/supports-preserve-symlinks-flag-1.0.0.tgz}
    engines: {node: '>= 0.4'}
    dev: true

  /to-fast-properties/2.0.0:
    resolution: {integrity: sha1-3F5pjL0HkmW8c+A3doGk5Og/YW4=, tarball: to-fast-properties/download/to-fast-properties-2.0.0.tgz}
    engines: {node: '>=4'}
    dev: true

  /token-stream/1.0.0:
    resolution: {integrity: sha1-zCAOqyYT9BZtJ/+a/HylbUnfbrQ=, tarball: token-stream/download/token-stream-1.0.0.tgz}
    dev: true

  /treemate/0.3.10:
    resolution: {integrity: sha512-uxN98H84/zXAkn02rEeip9SNnOR889QIBXfpZnwjaanp8JRElxjdmDaKmVULclrn54J8RcJVCqfeQZsdeMjwow==, tarball: treemate/download/treemate-0.3.10.tgz}
    dev: true

  /typescript/4.5.4:
    resolution: {integrity: sha512-VgYs2A2QIRuGphtzFV7aQJduJ2gyfTljngLzjpfW9FoYZF6xuw1W0vW9ghCKLfcWrCFxK81CSGRAvS1pn4fIUg==, tarball: typescript/download/typescript-4.5.4.tgz}
    engines: {node: '>=4.2.0'}
    hasBin: true
    dev: true

  /upath/2.0.1:
    resolution: {integrity: sha1-UMc96mjW9rmQ9R0nnOYIFmXWGos=, tarball: upath/download/upath-2.0.1.tgz}
    engines: {node: '>=4'}
    dev: true

  /vdirs/0.1.7_vue@3.2.27:
    resolution: {integrity: sha512-MEUaLhV1jJyUqA2Ar4DfvlQx8jWs+PpCZ2dbM0ILelpMWGOybzt8ddL456VxeIbY/tkuDGT/Wzb8GG4LCuLuHw==, tarball: vdirs/download/vdirs-0.1.7.tgz}
    peerDependencies:
      vue: ^3.0.11
    dependencies:
      evtd: 0.2.3
      vue: 3.2.27
    dev: true

  /vfonts/0.0.3:
    resolution: {integrity: sha512-nguyw8L6Un8eelg1vQ31vIU2ESxqid7EYmy8V+MDeMaHBqaRSkg3dTBToC1PR00D89UzS/SLkfYPnx0Wf23IQQ==, tarball: vfonts/download/vfonts-0.0.3.tgz}
    dev: true

  /vite/2.7.12:
    resolution: {integrity: sha512-KvPYToRQWhRfBeVkyhkZ5hASuHQkqZUUdUcE3xyYtq5oYEPIJ0h9LWiWTO6v990glmSac2cEPeYeXzpX5Z6qKQ==, tarball: vite/download/vite-2.7.12.tgz}
    engines: {node: '>=12.2.0'}
    hasBin: true
    peerDependencies:
      less: '*'
      sass: '*'
      stylus: '*'
    peerDependenciesMeta:
      less:
        optional: true
      sass:
        optional: true
      stylus:
        optional: true
    dependencies:
      esbuild: 0.13.15
      postcss: 8.4.5
      resolve: 1.21.0
      rollup: 2.64.0
    optionalDependencies:
      fsevents: 2.3.2
    dev: true

  /void-elements/3.1.0:
    resolution: {integrity: sha1-YU9/v42AHwu18GYfWy9XhXUOTwk=, tarball: void-elements/download/void-elements-3.1.0.tgz}
    engines: {node: '>=0.10.0'}
    dev: true

  /vooks/0.2.12_vue@3.2.27:
    resolution: {integrity: sha512-iox0I3RZzxtKlcgYaStQYKEzWWGAduMmq+jS7OrNdQo1FgGfPMubGL3uGHOU9n97NIvfFDBGnpSvkWyb/NSn/Q==, tarball: vooks/download/vooks-0.2.12.tgz}
    peerDependencies:
      vue: ^3.0.0
    dependencies:
      evtd: 0.2.3
      vue: 3.2.27
    dev: true

  /vscode-css-languageservice/5.1.9:
    resolution: {integrity: sha512-/tFOWeZBL3Oc9Zc+2MAi3rEwiXJTSZsvjB+M7nSjWLbGPUIjukUA7YzLgsBoUfR35sPJYnXWUkL56PdfIYM8GA==, tarball: vscode-css-languageservice/download/vscode-css-languageservice-5.1.9.tgz}
    dependencies:
      vscode-languageserver-textdocument: 1.0.3
      vscode-languageserver-types: 3.16.0
      vscode-nls: 5.0.0
      vscode-uri: 3.0.3
    dev: true

  /vscode-html-languageservice/4.2.1:
    resolution: {integrity: sha512-PgaToZVXJ44nFWEBuSINdDgVV6EnpC3MnXBsysR3O5TKcAfywbYeRGRy+Y4dVR7YeUgDvtb+JkJoSkaYC0mxXQ==, tarball: vscode-html-languageservice/download/vscode-html-languageservice-4.2.1.tgz}
    dependencies:
      vscode-languageserver-textdocument: 1.0.3
      vscode-languageserver-types: 3.16.0
      vscode-nls: 5.0.0
      vscode-uri: 3.0.3
    dev: true

  /vscode-json-languageservice/4.1.10:
    resolution: {integrity: sha512-IHliMEEYSY0tJjJt0ECb8ESx/nRXpoy9kN42WVQXgaqGyizFAf3jibSiezDQTrrY7f3kywXggCU+kkJEM+OLZQ==, tarball: vscode-json-languageservice/download/vscode-json-languageservice-4.1.10.tgz}
    dependencies:
      jsonc-parser: 3.0.0
      vscode-languageserver-textdocument: 1.0.3
      vscode-languageserver-types: 3.16.0
      vscode-nls: 5.0.0
      vscode-uri: 3.0.3
    dev: true

  /vscode-jsonrpc/8.0.0-next.4:
    resolution: {integrity: sha512-i+wvza5Wd0YV/t9qhnS8I+dJdhJ1fHIhRW4f262rXXM9Mgts5VZhYrRZufGcai4y99RlbZvwaZhplQ6diRXkaA==, tarball: vscode-jsonrpc/download/vscode-jsonrpc-8.0.0-next.4.tgz}
    engines: {node: '>=8.0.0 || >=10.0.0'}
    dev: true

  /vscode-languageserver-protocol/3.17.0-next.11:
    resolution: {integrity: sha512-9FqHT7XvM6tWFsnLvRfuQA7Zh7wZZYAwA9dK85lYthA8M1aXpXEP9drXVvO/Fe03MUeJpKVf2e4/NvDaFUnttg==, tarball: vscode-languageserver-protocol/download/vscode-languageserver-protocol-3.17.0-next.11.tgz}
    dependencies:
      vscode-jsonrpc: 8.0.0-next.4
      vscode-languageserver-types: 3.17.0-next.5
    dev: true

  /vscode-languageserver-textdocument/1.0.3:
    resolution: {integrity: sha512-ynEGytvgTb6HVSUwPJIAZgiHQmPCx8bZ8w5um5Lz+q5DjP0Zj8wTFhQpyg8xaMvefDytw2+HH5yzqS+FhsR28A==, tarball: vscode-languageserver-textdocument/download/vscode-languageserver-textdocument-1.0.3.tgz}
    dev: true

  /vscode-languageserver-types/3.16.0:
    resolution: {integrity: sha1-7POT/BIexpdLLaPvsxVWRMUU4kc=, tarball: vscode-languageserver-types/download/vscode-languageserver-types-3.16.0.tgz}
    dev: true

  /vscode-languageserver-types/3.17.0-next.5:
    resolution: {integrity: sha512-Zcfaw8BznhlJWB09LDR0dscXyxn9+liREqJnPF4pigeUCHwKxYapYqizwuCpMHQ/oLYiAvKwU+f28hPleYu7pA==, tarball: vscode-languageserver-types/download/vscode-languageserver-types-3.17.0-next.5.tgz}
    dev: true

  /vscode-languageserver/8.0.0-next.5:
    resolution: {integrity: sha512-3E2W0eWtGKb6QAJqspOnD0thrBRRo8IGUMV5jpDNMcMKvmtkcxMwsBh0VxdvuWaZ51PiNyR4L+B+GUvkYsyFEg==, tarball: vscode-languageserver/download/vscode-languageserver-8.0.0-next.5.tgz}
    hasBin: true
    dependencies:
      vscode-languageserver-protocol: 3.17.0-next.11
    dev: true

  /vscode-nls/5.0.0:
    resolution: {integrity: sha1-mfDaC9nqfNpE5WWnTFSx8rwleEA=, tarball: vscode-nls/download/vscode-nls-5.0.0.tgz}
    dev: true

  /vscode-pug-languageservice/0.29.8:
    resolution: {integrity: sha512-QHYAzDSJLg7GOLxCZ12qsM0dAM0dPeMSS1t4kKfzLsfpErmZpFzkAIXbidVrNMdMffGZMtTuIlcpEyWHbx96Iw==, tarball: vscode-pug-languageservice/download/vscode-pug-languageservice-0.29.8.tgz}
    dependencies:
      '@volar/code-gen': 0.29.8
      '@volar/shared': 0.29.8
      '@volar/source-map': 0.29.8
      '@volar/transforms': 0.29.8
      pug-lexer: 5.0.1
      pug-parser: 6.0.0
      vscode-languageserver: 8.0.0-next.5
    dev: true

  /vscode-typescript-languageservice/0.29.8:
    resolution: {integrity: sha512-eecDqHk4WjEvy6VHQ6teHczppQ9yJO2wExCy7yu7WiFj35qbw0h4G6Erv46MvP3ClL8FggFzD7s1qM6vdqJUfw==, tarball: vscode-typescript-languageservice/download/vscode-typescript-languageservice-0.29.8.tgz}
    dependencies:
      '@volar/shared': 0.29.8
      semver: 7.3.5
      upath: 2.0.1
      vscode-languageserver: 8.0.0-next.5
      vscode-languageserver-textdocument: 1.0.3
    dev: true

  /vscode-uri/2.1.2:
    resolution: {integrity: sha1-yNQN6T61evMfPHFd1lDiyiwJbxw=, tarball: vscode-uri/download/vscode-uri-2.1.2.tgz}
    dev: true

  /vscode-uri/3.0.3:
    resolution: {integrity: sha512-EcswR2S8bpR7fD0YPeS7r2xXExrScVMxg4MedACaWHEtx9ftCF/qHG1xGkolzTPcEmjTavCQgbVzHUIdTMzFGA==, tarball: vscode-uri/download/vscode-uri-3.0.3.tgz}
    dev: true

  /vscode-vue-languageservice/0.29.8:
    resolution: {integrity: sha512-qSJdvW5ttyGUB/8uWDKgo8vnIoFnXYlBP4Z/cn54btsRn6ZMw7IJGJU1381e7p/yGvMTLeGbugD53SghbnSa6g==, tarball: vscode-vue-languageservice/download/vscode-vue-languageservice-0.29.8.tgz}
    dependencies:
      '@volar/code-gen': 0.29.8
      '@volar/html2pug': 0.29.8
      '@volar/shared': 0.29.8
      '@volar/source-map': 0.29.8
      '@volar/transforms': 0.29.8
      '@volar/vue-code-gen': 0.29.8
      '@vscode/emmet-helper': 2.8.3
      '@vue/reactivity': 3.2.27
      '@vue/shared': 3.2.27
      request-light: 0.5.7
      upath: 2.0.1
      vscode-css-languageservice: 5.1.9
      vscode-html-languageservice: 4.2.1
      vscode-json-languageservice: 4.1.10
      vscode-languageserver: 8.0.0-next.5
      vscode-languageserver-textdocument: 1.0.3
      vscode-pug-languageservice: 0.29.8
      vscode-typescript-languageservice: 0.29.8
    dev: true

  /vue-router/4.0.12_vue@3.2.27:
    resolution: {integrity: sha512-CPXvfqe+mZLB1kBWssssTiWg4EQERyqJZes7USiqfW9B5N2x+nHlnsM1D3b5CaJ6qgCvMmYJnz+G0iWjNCvXrg==, tarball: vue-router/download/vue-router-4.0.12.tgz}
    peerDependencies:
      vue: ^3.0.0
    dependencies:
      '@vue/devtools-api': 6.0.0-beta.21.1
      vue: 3.2.27
    dev: false

  /vue-tsc/0.29.8_typescript@4.5.4:
    resolution: {integrity: sha512-pT0wLRjvRuSmB+J4WJT6uuV9mO0KtSSXEAtaVXZQzyk5+DJdbLIQTbRce/TXSkfqt1l1WogO78RjtOJFiMCgfQ==, tarball: vue-tsc/download/vue-tsc-0.29.8.tgz}
    hasBin: true
    peerDependencies:
      typescript: '*'
    dependencies:
      '@volar/shared': 0.29.8
      typescript: 4.5.4
      vscode-vue-languageservice: 0.29.8
    dev: true

  /vue/3.2.27:
    resolution: {integrity: sha512-p1cH8Q6eaPwvANCjFQj497a914cxXKKwOG3Lg9USddTOrn4/zFMKjn9dnovkx+L8VtFaNgbVqW8mLJS/eTA6xw==, tarball: vue/download/vue-3.2.27.tgz}
    dependencies:
      '@vue/compiler-dom': 3.2.27
      '@vue/compiler-sfc': 3.2.27
      '@vue/runtime-dom': 3.2.27
      '@vue/server-renderer': 3.2.27_vue@3.2.27
      '@vue/shared': 3.2.27
    dev: false

  /vueuc/0.4.23_473b1561e3d1a80e7159bb39523026a9:
    resolution: {integrity: sha512-8I5FFBwcgnMDFQBWVOg2uJPrk7vh+CeaRNEuiKtnn2QWKr5dqYs6+A93pQfErEIugc8nq61slj2siw0JAcxYeQ==, tarball: vueuc/download/vueuc-0.4.23.tgz}
    peerDependencies:
      '@css-render/vue3-ssr': ^0.15.7
      vue: ^3.0.11
    dependencies:
      '@css-render/vue3-ssr': 0.15.8_vue@3.2.27
      css-render: 0.15.8
      evtd: 0.2.3
      resize-observer-polyfill: 1.5.1
      seemly: 0.3.3
      vdirs: 0.1.7_vue@3.2.27
      vooks: 0.2.12_vue@3.2.27
      vue: 3.2.27
    dev: true

  /with/7.0.2:
    resolution: {integrity: sha1-zO461ULSVTinp6gKrSErmChJW6w=, tarball: with/download/with-7.0.2.tgz}
    engines: {node: '>= 10.0.0'}
    dependencies:
      '@babel/parser': 7.16.8
      '@babel/types': 7.16.8
      assert-never: 1.2.1
      babel-walk: 3.0.0-canary-5
    dev: true

  /yallist/4.0.0:
    resolution: {integrity: sha1-m7knkNnA7/7GO+c1GeEaNQGaOnI=, tarball: yallist/download/yallist-4.0.0.tgz}
    dev: true
